{
  "name": "app",
  "lockfileVersion": 2,
  "requires": true,
  "packages": {
    "": {
      "dependencies": {
        "@brtmvdl/frontend": "^1.0.11"
      }
    },
    "node_modules/@brtmvdl/frontend": {
      "version": "1.0.11",
      "resolved": "https://registry.npmjs.org/@brtmvdl/frontend/-/frontend-1.0.11.tgz",
      "integrity": "sha512-HnndA3GlcEbRpDb2/ern2ROdIyVqPlSg7hzRDs8JrzR/JP9KdhOXAokL44OssRq+aZi4v6Qr510BAmRTzu0dUg==",
      "bin": {
        "frontend": "bin/index.js"
      },
      "funding": {
        "url": "https://link.mercadopago.com.br/brtmvdl"
      }
    }
  },
  "dependencies": {
    "@brtmvdl/frontend": {
      "version": "1.0.11",
      "resolved": "https://registry.npmjs.org/@brtmvdl/frontend/-/frontend-1.0.11.tgz",
      "integrity": "sha512-HnndA3GlcEbRpDb2/ern2ROdIyVqPlSg7hzRDs8JrzR/JP9KdhOXAokL44OssRq+aZi4v6Qr510BAmRTzu0dUg=="
    }
  }
}
